// !$*UTF8*$!
{
	archiveVersion = 1;
	classes = {
	};
	objectVersion = 50;
	objects = {

/* Begin PBXBuildFile section */
		C718747722E4D5FD006BAE28 /* airplane.jpeg in Sources */ = {isa = PBXBuildFile; fileRef = C718747622E4D5F5006BAE28 /* airplane.jpeg */; };
		C718747822E4D5FD006BAE28 /* new_image.gif in Sources */ = {isa = PBXBuildFile; fileRef = C718747522E4D5F5006BAE28 /* new_image.gif */; };
		C718747922E4D5FD006BAE28 /* seal.jpg in Sources */ = {isa = PBXBuildFile; fileRef = C718747422E4D5F5006BAE28 /* seal.jpg */; };
		C718747A22E4D5FD006BAE28 /* smile.jpg in Sources */ = {isa = PBXBuildFile; fileRef = C718747222E4D5F5006BAE28 /* smile.jpg */; };
		C718747B22E4D5FD006BAE28 /* ying.png in Sources */ = {isa = PBXBuildFile; fileRef = C718747322E4D5F5006BAE28 /* ying.png */; };
		C75352DD22D00A2F0057E3D0 /* main.cpp in Sources */ = {isa = PBXBuildFile; fileRef = C75352DC22D00A2F0057E3D0 /* main.cpp */; };
		C75352ED22D00A6E0057E3D0 /* Graph.h in Sources */ = {isa = PBXBuildFile; fileRef = C75352E322D00A6E0057E3D0 /* Graph.h */; };
		C75352EE22D00A6E0057E3D0 /* Window.cpp in Sources */ = {isa = PBXBuildFile; fileRef = C75352E422D00A6E0057E3D0 /* Window.cpp */; };
		C75352EF22D00A6E0057E3D0 /* GUI.cpp in Sources */ = {isa = PBXBuildFile; fileRef = C75352E522D00A6E0057E3D0 /* GUI.cpp */; };
		C75352F022D00A6E0057E3D0 /* Simple_window.cpp in Sources */ = {isa = PBXBuildFile; fileRef = C75352E622D00A6E0057E3D0 /* Simple_window.cpp */; };
		C75352F122D00A6E0057E3D0 /* Window.h in Sources */ = {isa = PBXBuildFile; fileRef = C75352E722D00A6E0057E3D0 /* Window.h */; };
		C75352F222D00A6E0057E3D0 /* GUI.h in Sources */ = {isa = PBXBuildFile; fileRef = C75352E822D00A6E0057E3D0 /* GUI.h */; };
		C75352F322D00A6E0057E3D0 /* Point.h in Sources */ = {isa = PBXBuildFile; fileRef = C75352E922D00A6E0057E3D0 /* Point.h */; };
		C75352F422D00A6E0057E3D0 /* std_lib_facilities.h in Sources */ = {isa = PBXBuildFile; fileRef = C75352EA22D00A6E0057E3D0 /* std_lib_facilities.h */; };
		C75352F522D00A6E0057E3D0 /* Graph.cpp in Sources */ = {isa = PBXBuildFile; fileRef = C75352EB22D00A6E0057E3D0 /* Graph.cpp */; };
		C75352F622D00A6E0057E3D0 /* Simple_window.h in Sources */ = {isa = PBXBuildFile; fileRef = C75352EC22D00A6E0057E3D0 /* Simple_window.h */; };
/* End PBXBuildFile section */

/* Begin PBXCopyFilesBuildPhase section */
		C75352D722D00A2F0057E3D0 /* CopyFiles */ = {
			isa = PBXCopyFilesBuildPhase;
			buildActionMask = 2147483647;
			dstPath = /usr/share/man/man1/;
			dstSubfolderSpec = 0;
			files = (
			);
			runOnlyForDeploymentPostprocessing = 1;
		};
/* End PBXCopyFilesBuildPhase section */

/* Begin PBXFileReference section */
		C718747222E4D5F5006BAE28 /* smile.jpg */ = {isa = PBXFileReference; lastKnownFileType = image.jpeg; path = smile.jpg; sourceTree = "<group>"; };
		C718747322E4D5F5006BAE28 /* ying.png */ = {isa = PBXFileReference; lastKnownFileType = image.png; path = ying.png; sourceTree = "<group>"; };
		C718747422E4D5F5006BAE28 /* seal.jpg */ = {isa = PBXFileReference; lastKnownFileType = image.jpeg; path = seal.jpg; sourceTree = "<group>"; };
		C718747522E4D5F5006BAE28 /* new_image.gif */ = {isa = PBXFileReference; lastKnownFileType = image.gif; path = new_image.gif; sourceTree = "<group>"; };
		C718747622E4D5F5006BAE28 /* airplane.jpeg */ = {isa = PBXFileReference; lastKnownFileType = image.jpeg; path = airplane.jpeg; sourceTree = "<group>"; };
		C75352D922D00A2F0057E3D0 /* Ch13TheDrill */ = {isa = PBXFileReference; explicitFileType = "compiled.mach-o.executable"; includeInIndex = 0; path = Ch13TheDrill; sourceTree = BUILT_PRODUCTS_DIR; };
		C75352DC22D00A2F0057E3D0 /* main.cpp */ = {isa = PBXFileReference; lastKnownFileType = sourcecode.cpp.cpp; path = main.cpp; sourceTree = "<group>"; };
		C75352E322D00A6E0057E3D0 /* Graph.h */ = {isa = PBXFileReference; lastKnownFileType = sourcecode.c.h; name = Graph.h; path = ../Graph.h; sourceTree = "<group>"; };
		C75352E422D00A6E0057E3D0 /* Window.cpp */ = {isa = PBXFileReference; lastKnownFileType = sourcecode.cpp.cpp; name = Window.cpp; path = ../Window.cpp; sourceTree = "<group>"; };
		C75352E522D00A6E0057E3D0 /* GUI.cpp */ = {isa = PBXFileReference; lastKnownFileType = sourcecode.cpp.cpp; name = GUI.cpp; path = ../GUI.cpp; sourceTree = "<group>"; };
		C75352E622D00A6E0057E3D0 /* Simple_window.cpp */ = {isa = PBXFileReference; lastKnownFileType = sourcecode.cpp.cpp; name = Simple_window.cpp; path = ../Simple_window.cpp; sourceTree = "<group>"; };
		C75352E722D00A6E0057E3D0 /* Window.h */ = {isa = PBXFileReference; lastKnownFileType = sourcecode.c.h; name = Window.h; path = ../Window.h; sourceTree = "<group>"; };
		C75352E822D00A6E0057E3D0 /* GUI.h */ = {isa = PBXFileReference; lastKnownFileType = sourcecode.c.h; name = GUI.h; path = ../GUI.h; sourceTree = "<group>"; };
		C75352E922D00A6E0057E3D0 /* Point.h */ = {isa = PBXFileReference; lastKnownFileType = sourcecode.c.h; name = Point.h; path = ../Point.h; sourceTree = "<group>"; };
		C75352EA22D00A6E0057E3D0 /* std_lib_facilities.h */ = {isa = PBXFileReference; lastKnownFileType = sourcecode.c.h; name = std_lib_facilities.h; path = ../std_lib_facilities.h; sourceTree = "<group>"; };
		C75352EB22D00A6E0057E3D0 /* Graph.cpp */ = {isa = PBXFileReference; lastKnownFileType = sourcecode.cpp.cpp; name = Graph.cpp; path = ../Graph.cpp; sourceTree = "<group>"; };
		C75352EC22D00A6E0057E3D0 /* Simple_window.h */ = {isa = PBXFileReference; lastKnownFileType = sourcecode.c.h; name = Simple_window.h; path = ../Simple_window.h; sourceTree = "<group>"; };
/* End PBXFileReference section */

/* Begin PBXFrameworksBuildPhase section */
		C75352D622D00A2F0057E3D0 /* Frameworks */ = {
			isa = PBXFrameworksBuildPhase;
			buildActionMask = 2147483647;
			files = (
			);
			runOnlyForDeploymentPostprocessing = 0;
		};
/* End PBXFrameworksBuildPhase section */

/* Begin PBXGroup section */
		C75352D022D00A2F0057E3D0 = {
			isa = PBXGroup;
			children = (
				C75352EB22D00A6E0057E3D0 /* Graph.cpp */,
				C75352E322D00A6E0057E3D0 /* Graph.h */,
				C75352E522D00A6E0057E3D0 /* GUI.cpp */,
				C75352E822D00A6E0057E3D0 /* GUI.h */,
				C75352E922D00A6E0057E3D0 /* Point.h */,
				C75352E622D00A6E0057E3D0 /* Simple_window.cpp */,
				C75352EC22D00A6E0057E3D0 /* Simple_window.h */,
				C75352EA22D00A6E0057E3D0 /* std_lib_facilities.h */,
				C75352E422D00A6E0057E3D0 /* Window.cpp */,
				C75352E722D00A6E0057E3D0 /* Window.h */,
				C75352DB22D00A2F0057E3D0 /* Ch13TheDrill */,
				C75352DA22D00A2F0057E3D0 /* Products */,
			);
			sourceTree = "<group>";
		};
		C75352DA22D00A2F0057E3D0 /* Products */ = {
			isa = PBXGroup;
			children = (
				C75352D922D00A2F0057E3D0 /* Ch13TheDrill */,
			);
			name = Products;
			sourceTree = "<group>";
		};
		C75352DB22D00A2F0057E3D0 /* Ch13TheDrill */ = {
			isa = PBXGroup;
			children = (
				C718747622E4D5F5006BAE28 /* airplane.jpeg */,
				C718747522E4D5F5006BAE28 /* new_image.gif */,
				C718747422E4D5F5006BAE28 /* seal.jpg */,
				C718747222E4D5F5006BAE28 /* smile.jpg */,
				C718747322E4D5F5006BAE28 /* ying.png */,
				C75352DC22D00A2F0057E3D0 /* main.cpp */,
			);
			path = Ch13TheDrill;
			sourceTree = "<group>";
		};
/* End PBXGroup section */

/* Begin PBXNativeTarget section */
		C75352D822D00A2F0057E3D0 /* Ch13TheDrill */ = {
			isa = PBXNativeTarget;
			buildConfigurationList = C75352E022D00A2F0057E3D0 /* Build configuration list for PBXNativeTarget "Ch13TheDrill" */;
			buildPhases = (
				C75352D522D00A2F0057E3D0 /* Sources */,
				C75352D622D00A2F0057E3D0 /* Frameworks */,
				C75352D722D00A2F0057E3D0 /* CopyFiles */,
			);
			buildRules = (
			);
			dependencies = (
			);
			name = Ch13TheDrill;
			productName = Ch13TheDrill;
			productReference = C75352D922D00A2F0057E3D0 /* Ch13TheDrill */;
			productType = "com.apple.product-type.tool";
		};
/* End PBXNativeTarget section */

/* Begin PBXProject section */
		C75352D122D00A2F0057E3D0 /* Project object */ = {
			isa = PBXProject;
			attributes = {
				LastUpgradeCheck = 1020;
				ORGANIZATIONNAME = "Stefan Diaconu";
				TargetAttributes = {
					C75352D822D00A2F0057E3D0 = {
						CreatedOnToolsVersion = 10.2.1;
					};
				};
			};
			buildConfigurationList = C75352D422D00A2F0057E3D0 /* Build configuration list for PBXProject "Ch13TheDrill" */;
			compatibilityVersion = "Xcode 9.3";
			developmentRegion = en;
			hasScannedForEncodings = 0;
			knownRegions = (
				en,
			);
			mainGroup = C75352D022D00A2F0057E3D0;
			productRefGroup = C75352DA22D00A2F0057E3D0 /* Products */;
			projectDirPath = "";
			projectRoot = "";
			targets = (
				C75352D822D00A2F0057E3D0 /* Ch13TheDrill */,
			);
		};
/* End PBXProject section */

/* Begin PBXSourcesBuildPhase section */
		C75352D522D00A2F0057E3D0 /* Sources */ = {
			isa = PBXSourcesBuildPhase;
			buildActionMask = 2147483647;
			files = (
				C718747722E4D5FD006BAE28 /* airplane.jpeg in Sources */,
				C718747822E4D5FD006BAE28 /* new_image.gif in Sources */,
				C718747922E4D5FD006BAE28 /* seal.jpg in Sources */,
				C718747A22E4D5FD006BAE28 /* smile.jpg in Sources */,
				C718747B22E4D5FD006BAE28 /* ying.png in Sources */,
				C75352ED22D00A6E0057E3D0 /* Graph.h in Sources */,
				C75352EE22D00A6E0057E3D0 /* Window.cpp in Sources */,
				C75352EF22D00A6E0057E3D0 /* GUI.cpp in Sources */,
				C75352F022D00A6E0057E3D0 /* Simple_window.cpp in Sources */,
				C75352F122D00A6E0057E3D0 /* Window.h in Sources */,
				C75352F222D00A6E0057E3D0 /* GUI.h in Sources */,
				C75352F322D00A6E0057E3D0 /* Point.h in Sources */,
				C75352F422D00A6E0057E3D0 /* std_lib_facilities.h in Sources */,
				C75352F522D00A6E0057E3D0 /* Graph.cpp in Sources */,
				C75352F622D00A6E0057E3D0 /* Simple_window.h in Sources */,
				C75352DD22D00A2F0057E3D0 /* main.cpp in Sources */,
			);
			runOnlyForDeploymentPostprocessing = 0;
		};
/* End PBXSourcesBuildPhase section */

/* Begin XCBuildConfiguration section */
		C75352DE22D00A2F0057E3D0 /* Debug */ = {
			isa = XCBuildConfiguration;
			buildSettings = {
				ALWAYS_SEARCH_USER_PATHS = NO;
				CLANG_ANALYZER_NONNULL = YES;
				CLANG_ANALYZER_NUMBER_OBJECT_CONVERSION = YES_AGGRESSIVE;
				CLANG_CXX_LANGUAGE_STANDARD = "gnu++14";
				CLANG_CXX_LIBRARY = "libc++";
				CLANG_ENABLE_MODULES = YES;
				CLANG_ENABLE_OBJC_ARC = YES;
				CLANG_ENABLE_OBJC_WEAK = YES;
				CLANG_WARN_BLOCK_CAPTURE_AUTORELEASING = YES;
				CLANG_WARN_BOOL_CONVERSION = YES;
				CLANG_WARN_COMMA = YES;
				CLANG_WARN_CONSTANT_CONVERSION = YES;
				CLANG_WARN_DEPRECATED_OBJC_IMPLEMENTATIONS = YES;
				CLANG_WARN_DIRECT_OBJC_ISA_USAGE = YES_ERROR;
				CLANG_WARN_DOCUMENTATION_COMMENTS = YES;
				CLANG_WARN_EMPTY_BODY = YES;
				CLANG_WARN_ENUM_CONVERSION = YES;
				CLANG_WARN_INFINITE_RECURSION = YES;
				CLANG_WARN_INT_CONVERSION = YES;
				CLANG_WARN_NON_LITERAL_NULL_CONVERSION = YES;
				CLANG_WARN_OBJC_IMPLICIT_RETAIN_SELF = YES;
				CLANG_WARN_OBJC_LITERAL_CONVERSION = YES;
				CLANG_WARN_OBJC_ROOT_CLASS = YES_ERROR;
				CLANG_WARN_RANGE_LOOP_ANALYSIS = YES;
				CLANG_WARN_STRICT_PROTOTYPES = YES;
				CLANG_WARN_SUSPICIOUS_MOVE = YES;
				CLANG_WARN_UNGUARDED_AVAILABILITY = YES_AGGRESSIVE;
				CLANG_WARN_UNREACHABLE_CODE = YES;
				CLANG_WARN__DUPLICATE_METHOD_MATCH = YES;
				CODE_SIGN_IDENTITY = "-";
				COPY_PHASE_STRIP = NO;
				DEBUG_INFORMATION_FORMAT = dwarf;
				ENABLE_STRICT_OBJC_MSGSEND = YES;
				ENABLE_TESTABILITY = YES;
				GCC_C_LANGUAGE_STANDARD = gnu11;
				GCC_DYNAMIC_NO_PIC = NO;
				GCC_NO_COMMON_BLOCKS = YES;
				GCC_OPTIMIZATION_LEVEL = 0;
				GCC_PREPROCESSOR_DEFINITIONS = (
					"DEBUG=1",
					"$(inherited)",
				);
				GCC_WARN_64_TO_32_BIT_CONVERSION = YES;
				GCC_WARN_ABOUT_RETURN_TYPE = YES_ERROR;
				GCC_WARN_UNDECLARED_SELECTOR = YES;
				GCC_WARN_UNINITIALIZED_AUTOS = YES_AGGRESSIVE;
				GCC_WARN_UNUSED_FUNCTION = YES;
				GCC_WARN_UNUSED_VARIABLE = YES;
				MACOSX_DEPLOYMENT_TARGET = 10.14;
				MTL_ENABLE_DEBUG_INFO = INCLUDE_SOURCE;
				MTL_FAST_MATH = YES;
				ONLY_ACTIVE_ARCH = YES;
				SDKROOT = macosx;
			};
			name = Debug;
		};
		C75352DF22D00A2F0057E3D0 /* Release */ = {
			isa = XCBuildConfiguration;
			buildSettings = {
				ALWAYS_SEARCH_USER_PATHS = NO;
				CLANG_ANALYZER_NONNULL = YES;
				CLANG_ANALYZER_NUMBER_OBJECT_CONVERSION = YES_AGGRESSIVE;
				CLANG_CXX_LANGUAGE_STANDARD = "gnu++14";
				CLANG_CXX_LIBRARY = "libc++";
				CLANG_ENABLE_MODULES = YES;
				CLANG_ENABLE_OBJC_ARC = YES;
				CLANG_ENABLE_OBJC_WEAK = YES;
				CLANG_WARN_BLOCK_CAPTURE_AUTORELEASING = YES;
				CLANG_WARN_BOOL_CONVERSION = YES;
				CLANG_WARN_COMMA = YES;
				CLANG_WARN_CONSTANT_CONVERSION = YES;
				CLANG_WARN_DEPRECATED_OBJC_IMPLEMENTATIONS = YES;
				CLANG_WARN_DIRECT_OBJC_ISA_USAGE = YES_ERROR;
				CLANG_WARN_DOCUMENTATION_COMMENTS = YES;
				CLANG_WARN_EMPTY_BODY = YES;
				CLANG_WARN_ENUM_CONVERSION = YES;
				CLANG_WARN_INFINITE_RECURSION = YES;
				CLANG_WARN_INT_CONVERSION = YES;
				CLANG_WARN_NON_LITERAL_NULL_CONVERSION = YES;
				CLANG_WARN_OBJC_IMPLICIT_RETAIN_SELF = YES;
				CLANG_WARN_OBJC_LITERAL_CONVERSION = YES;
				CLANG_WARN_OBJC_ROOT_CLASS = YES_ERROR;
				CLANG_WARN_RANGE_LOOP_ANALYSIS = YES;
				CLANG_WARN_STRICT_PROTOTYPES = YES;
				CLANG_WARN_SUSPICIOUS_MOVE = YES;
				CLANG_WARN_UNGUARDED_AVAILABILITY = YES_AGGRESSIVE;
				CLANG_WARN_UNREACHABLE_CODE = YES;
				CLANG_WARN__DUPLICATE_METHOD_MATCH = YES;
				CODE_SIGN_IDENTITY = "-";
				COPY_PHASE_STRIP = NO;
				DEBUG_INFORMATION_FORMAT = "dwarf-with-dsym";
				ENABLE_NS_ASSERTIONS = NO;
				ENABLE_STRICT_OBJC_MSGSEND = YES;
				GCC_C_LANGUAGE_STANDARD = gnu11;
				GCC_NO_COMMON_BLOCKS = YES;
				GCC_WARN_64_TO_32_BIT_CONVERSION = YES;
				GCC_WARN_ABOUT_RETURN_TYPE = YES_ERROR;
				GCC_WARN_UNDECLARED_SELECTOR = YES;
				GCC_WARN_UNINITIALIZED_AUTOS = YES_AGGRESSIVE;
				GCC_WARN_UNUSED_FUNCTION = YES;
				GCC_WARN_UNUSED_VARIABLE = YES;
				MACOSX_DEPLOYMENT_TARGET = 10.14;
				MTL_ENABLE_DEBUG_INFO = NO;
				MTL_FAST_MATH = YES;
				SDKROOT = macosx;
			};
			name = Release;
		};
		C75352E122D00A2F0057E3D0 /* Debug */ = {
			isa = XCBuildConfiguration;
			buildSettings = {
				ALWAYS_SEARCH_USER_PATHS = YES;
				CODE_SIGN_STYLE = Automatic;
				FRAMEWORK_SEARCH_PATHS = /usr/local/include;
				"FRAMEWORK_SEARCH_PATHS[arch=*]" = /usr/local/include;
				HEADER_SEARCH_PATHS = "-I/usr/local/include";
				"HEADER_SEARCH_PATHS[arch=*]" = "-I/usr/local/include";
				LIBRARY_SEARCH_PATHS = /usr/local/lib;
				"LIBRARY_SEARCH_PATHS[arch=*]" = /usr/local/lib;
				OTHER_LDFLAGS = (
					"-L/usr/local/lib",
					"-lfltk_images",
					"-lfltk_jpeg",
					"-lfltk_png",
					"-lz",
					"-lfltk",
					"-lpthread",
					"-framework",
					Cocoa,
				);
				"OTHER_LDFLAGS[arch=*]" = (
					"-L/usr/local/lib",
					"-lfltk_images",
					"-lfltk_jpeg",
					"-lfltk_png",
					"-lz",
					"-lfltk",
					"-lpthread",
					"-framework",
					Cocoa,
				);
				PRODUCT_NAME = "$(TARGET_NAME)";
				USER_HEADER_SEARCH_PATHS = /usr/local/include;
				"USER_HEADER_SEARCH_PATHS[arch=*]" = /usr/local/include;
			};
			name = Debug;
		};
		C75352E222D00A2F0057E3D0 /* Release */ = {
			isa = XCBuildConfiguration;
			buildSettings = {
				ALWAYS_SEARCH_USER_PATHS = YES;
				CODE_SIGN_STYLE = Automatic;
				FRAMEWORK_SEARCH_PATHS = /usr/local/include;
				"FRAMEWORK_SEARCH_PATHS[arch=*]" = /usr/local/include;
				HEADER_SEARCH_PATHS = "-I/usr/local/include";
				"HEADER_SEARCH_PATHS[arch=*]" = "-I/usr/local/include";
				LIBRARY_SEARCH_PATHS = /usr/local/lib;
				"LIBRARY_SEARCH_PATHS[arch=*]" = /usr/local/lib;
				OTHER_LDFLAGS = (
					"-L/usr/local/lib",
					"-lfltk_images",
					"-lfltk_jpeg",
					"-lfltk_png",
					"-lz",
					"-lfltk",
					"-lpthread",
					"-framework",
					Cocoa,
				);
				"OTHER_LDFLAGS[arch=*]" = (
					"-L/usr/local/lib",
					"-lfltk_images",
					"-lfltk_jpeg",
					"-lfltk_png",
					"-lz",
					"-lfltk",
					"-lpthread",
					"-framework",
					Cocoa,
				);
				PRODUCT_NAME = "$(TARGET_NAME)";
				USER_HEADER_SEARCH_PATHS = /usr/local/include;
				"USER_HEADER_SEARCH_PATHS[arch=*]" = /usr/local/include;
			};
			name = Release;
		};
/* End XCBuildConfiguration section */

/* Begin XCConfigurationList section */
		C75352D422D00A2F0057E3D0 /* Build configuration list for PBXProject "Ch13TheDrill" */ = {
			isa = XCConfigurationList;
			buildConfigurations = (
				C75352DE22D00A2F0057E3D0 /* Debug */,
				C75352DF22D00A2F0057E3D0 /* Release */,
			);
			defaultConfigurationIsVisible = 0;
			defaultConfigurationName = Release;
		};
		C75352E022D00A2F0057E3D0 /* Build configuration list for PBXNativeTarget "Ch13TheDrill" */ = {
			isa = XCConfigurationList;
			buildConfigurations = (
				C75352E122D00A2F0057E3D0 /* Debug */,
				C75352E222D00A2F0057E3D0 /* Release */,
			);
			defaultConfigurationIsVisible = 0;
			defaultConfigurationName = Release;
		};
/* End XCConfigurationList section */
	};
	rootObject = C75352D122D00A2F0057E3D0 /* Project object */;
}
