// !$*UTF8*$!
{
	archiveVersion = 1;
	classes = {
	};
	objectVersion = 50;
	objects = {

/* Begin PBXBuildFile section */
		C7426C1222F56D1900EC1061 /* main.cpp in Sources */ = {isa = PBXBuildFile; fileRef = C7426C1122F56D1900EC1061 /* main.cpp */; };
		C7426C2122F56D7300EC1061 /* Graph.cpp in Sources */ = {isa = PBXBuildFile; fileRef = C7426C1822F56D7300EC1061 /* Graph.cpp */; };
		C7426C2222F56D7300EC1061 /* GUI.h in Sources */ = {isa = PBXBuildFile; fileRef = C7426C1922F56D7300EC1061 /* GUI.h */; };
		C7426C2322F56D7300EC1061 /* Window.h in Sources */ = {isa = PBXBuildFile; fileRef = C7426C1A22F56D7300EC1061 /* Window.h */; };
		C7426C2422F56D7300EC1061 /* GUI.cpp in Sources */ = {isa = PBXBuildFile; fileRef = C7426C1B22F56D7300EC1061 /* GUI.cpp */; };
		C7426C2522F56D7300EC1061 /* Point.h in Sources */ = {isa = PBXBuildFile; fileRef = C7426C1C22F56D7300EC1061 /* Point.h */; };
		C7426C2622F56D7300EC1061 /* Window.cpp in Sources */ = {isa = PBXBuildFile; fileRef = C7426C1D22F56D7300EC1061 /* Window.cpp */; };
		C7426C2722F56D7300EC1061 /* Graph.h in Sources */ = {isa = PBXBuildFile; fileRef = C7426C1E22F56D7300EC1061 /* Graph.h */; };
		C7426C2822F56D7300EC1061 /* Simple_window.cpp in Sources */ = {isa = PBXBuildFile; fileRef = C7426C1F22F56D7300EC1061 /* Simple_window.cpp */; };
		C7426C2922F56D7300EC1061 /* Simple_window.h in Sources */ = {isa = PBXBuildFile; fileRef = C7426C2022F56D7300EC1061 /* Simple_window.h */; };
/* End PBXBuildFile section */

/* Begin PBXCopyFilesBuildPhase section */
		C7426C0C22F56D1900EC1061 /* CopyFiles */ = {
			isa = PBXCopyFilesBuildPhase;
			buildActionMask = 2147483647;
			dstPath = /usr/share/man/man1/;
			dstSubfolderSpec = 0;
			files = (
			);
			runOnlyForDeploymentPostprocessing = 1;
		};
/* End PBXCopyFilesBuildPhase section */

/* Begin PBXFileReference section */
		C7426C0E22F56D1900EC1061 /* Ch15TheDrill */ = {isa = PBXFileReference; explicitFileType = "compiled.mach-o.executable"; includeInIndex = 0; path = Ch15TheDrill; sourceTree = BUILT_PRODUCTS_DIR; };
		C7426C1122F56D1900EC1061 /* main.cpp */ = {isa = PBXFileReference; lastKnownFileType = sourcecode.cpp.cpp; path = main.cpp; sourceTree = "<group>"; };
		C7426C1822F56D7300EC1061 /* Graph.cpp */ = {isa = PBXFileReference; lastKnownFileType = sourcecode.cpp.cpp; name = Graph.cpp; path = ../Graph.cpp; sourceTree = "<group>"; };
		C7426C1922F56D7300EC1061 /* GUI.h */ = {isa = PBXFileReference; lastKnownFileType = sourcecode.c.h; name = GUI.h; path = ../GUI.h; sourceTree = "<group>"; };
		C7426C1A22F56D7300EC1061 /* Window.h */ = {isa = PBXFileReference; lastKnownFileType = sourcecode.c.h; name = Window.h; path = ../Window.h; sourceTree = "<group>"; };
		C7426C1B22F56D7300EC1061 /* GUI.cpp */ = {isa = PBXFileReference; lastKnownFileType = sourcecode.cpp.cpp; name = GUI.cpp; path = ../GUI.cpp; sourceTree = "<group>"; };
		C7426C1C22F56D7300EC1061 /* Point.h */ = {isa = PBXFileReference; lastKnownFileType = sourcecode.c.h; name = Point.h; path = ../Point.h; sourceTree = "<group>"; };
		C7426C1D22F56D7300EC1061 /* Window.cpp */ = {isa = PBXFileReference; lastKnownFileType = sourcecode.cpp.cpp; name = Window.cpp; path = ../Window.cpp; sourceTree = "<group>"; };
		C7426C1E22F56D7300EC1061 /* Graph.h */ = {isa = PBXFileReference; lastKnownFileType = sourcecode.c.h; name = Graph.h; path = ../Graph.h; sourceTree = "<group>"; };
		C7426C1F22F56D7300EC1061 /* Simple_window.cpp */ = {isa = PBXFileReference; lastKnownFileType = sourcecode.cpp.cpp; name = Simple_window.cpp; path = ../Simple_window.cpp; sourceTree = "<group>"; };
		C7426C2022F56D7300EC1061 /* Simple_window.h */ = {isa = PBXFileReference; lastKnownFileType = sourcecode.c.h; name = Simple_window.h; path = ../Simple_window.h; sourceTree = "<group>"; };
/* End PBXFileReference section */

/* Begin PBXFrameworksBuildPhase section */
		C7426C0B22F56D1900EC1061 /* Frameworks */ = {
			isa = PBXFrameworksBuildPhase;
			buildActionMask = 2147483647;
			files = (
			);
			runOnlyForDeploymentPostprocessing = 0;
		};
/* End PBXFrameworksBuildPhase section */

/* Begin PBXGroup section */
		C7426C0522F56D1900EC1061 = {
			isa = PBXGroup;
			children = (
				C7426C1822F56D7300EC1061 /* Graph.cpp */,
				C7426C1E22F56D7300EC1061 /* Graph.h */,
				C7426C1B22F56D7300EC1061 /* GUI.cpp */,
				C7426C1922F56D7300EC1061 /* GUI.h */,
				C7426C1C22F56D7300EC1061 /* Point.h */,
				C7426C1F22F56D7300EC1061 /* Simple_window.cpp */,
				C7426C2022F56D7300EC1061 /* Simple_window.h */,
				C7426C1D22F56D7300EC1061 /* Window.cpp */,
				C7426C1A22F56D7300EC1061 /* Window.h */,
				C7426C1022F56D1900EC1061 /* Ch15TheDrill */,
				C7426C0F22F56D1900EC1061 /* Products */,
			);
			sourceTree = "<group>";
		};
		C7426C0F22F56D1900EC1061 /* Products */ = {
			isa = PBXGroup;
			children = (
				C7426C0E22F56D1900EC1061 /* Ch15TheDrill */,
			);
			name = Products;
			sourceTree = "<group>";
		};
		C7426C1022F56D1900EC1061 /* Ch15TheDrill */ = {
			isa = PBXGroup;
			children = (
				C7426C1122F56D1900EC1061 /* main.cpp */,
			);
			path = Ch15TheDrill;
			sourceTree = "<group>";
		};
/* End PBXGroup section */

/* Begin PBXNativeTarget section */
		C7426C0D22F56D1900EC1061 /* Ch15TheDrill */ = {
			isa = PBXNativeTarget;
			buildConfigurationList = C7426C1522F56D1900EC1061 /* Build configuration list for PBXNativeTarget "Ch15TheDrill" */;
			buildPhases = (
				C7426C0A22F56D1900EC1061 /* Sources */,
				C7426C0B22F56D1900EC1061 /* Frameworks */,
				C7426C0C22F56D1900EC1061 /* CopyFiles */,
			);
			buildRules = (
			);
			dependencies = (
			);
			name = Ch15TheDrill;
			productName = Ch15TheDrill;
			productReference = C7426C0E22F56D1900EC1061 /* Ch15TheDrill */;
			productType = "com.apple.product-type.tool";
		};
/* End PBXNativeTarget section */

/* Begin PBXProject section */
		C7426C0622F56D1900EC1061 /* Project object */ = {
			isa = PBXProject;
			attributes = {
				LastUpgradeCheck = 1030;
				ORGANIZATIONNAME = "Stefan Diaconu";
				TargetAttributes = {
					C7426C0D22F56D1900EC1061 = {
						CreatedOnToolsVersion = 10.3;
					};
				};
			};
			buildConfigurationList = C7426C0922F56D1900EC1061 /* Build configuration list for PBXProject "Ch15TheDrill" */;
			compatibilityVersion = "Xcode 9.3";
			developmentRegion = en;
			hasScannedForEncodings = 0;
			knownRegions = (
				en,
			);
			mainGroup = C7426C0522F56D1900EC1061;
			productRefGroup = C7426C0F22F56D1900EC1061 /* Products */;
			projectDirPath = "";
			projectRoot = "";
			targets = (
				C7426C0D22F56D1900EC1061 /* Ch15TheDrill */,
			);
		};
/* End PBXProject section */

/* Begin PBXSourcesBuildPhase section */
		C7426C0A22F56D1900EC1061 /* Sources */ = {
			isa = PBXSourcesBuildPhase;
			buildActionMask = 2147483647;
			files = (
				C7426C2122F56D7300EC1061 /* Graph.cpp in Sources */,
				C7426C2222F56D7300EC1061 /* GUI.h in Sources */,
				C7426C2322F56D7300EC1061 /* Window.h in Sources */,
				C7426C2422F56D7300EC1061 /* GUI.cpp in Sources */,
				C7426C2522F56D7300EC1061 /* Point.h in Sources */,
				C7426C2622F56D7300EC1061 /* Window.cpp in Sources */,
				C7426C2722F56D7300EC1061 /* Graph.h in Sources */,
				C7426C2822F56D7300EC1061 /* Simple_window.cpp in Sources */,
				C7426C2922F56D7300EC1061 /* Simple_window.h in Sources */,
				C7426C1222F56D1900EC1061 /* main.cpp in Sources */,
			);
			runOnlyForDeploymentPostprocessing = 0;
		};
/* End PBXSourcesBuildPhase section */

/* Begin XCBuildConfiguration section */
		C7426C1322F56D1900EC1061 /* Debug */ = {
			isa = XCBuildConfiguration;
			buildSettings = {
				ALWAYS_SEARCH_USER_PATHS = NO;
				CLANG_ANALYZER_NONNULL = YES;
				CLANG_ANALYZER_NUMBER_OBJECT_CONVERSION = YES_AGGRESSIVE;
				CLANG_CXX_LANGUAGE_STANDARD = "gnu++14";
				CLANG_CXX_LIBRARY = "libc++";
				CLANG_ENABLE_MODULES = YES;
				CLANG_ENABLE_OBJC_ARC = YES;
				CLANG_ENABLE_OBJC_WEAK = YES;
				CLANG_WARN_BLOCK_CAPTURE_AUTORELEASING = YES;
				CLANG_WARN_BOOL_CONVERSION = YES;
				CLANG_WARN_COMMA = YES;
				CLANG_WARN_CONSTANT_CONVERSION = YES;
				CLANG_WARN_DEPRECATED_OBJC_IMPLEMENTATIONS = YES;
				CLANG_WARN_DIRECT_OBJC_ISA_USAGE = YES_ERROR;
				CLANG_WARN_DOCUMENTATION_COMMENTS = YES;
				CLANG_WARN_EMPTY_BODY = YES;
				CLANG_WARN_ENUM_CONVERSION = YES;
				CLANG_WARN_INFINITE_RECURSION = YES;
				CLANG_WARN_INT_CONVERSION = YES;
				CLANG_WARN_NON_LITERAL_NULL_CONVERSION = YES;
				CLANG_WARN_OBJC_IMPLICIT_RETAIN_SELF = YES;
				CLANG_WARN_OBJC_LITERAL_CONVERSION = YES;
				CLANG_WARN_OBJC_ROOT_CLASS = YES_ERROR;
				CLANG_WARN_RANGE_LOOP_ANALYSIS = YES;
				CLANG_WARN_STRICT_PROTOTYPES = YES;
				CLANG_WARN_SUSPICIOUS_MOVE = YES;
				CLANG_WARN_UNGUARDED_AVAILABILITY = YES_AGGRESSIVE;
				CLANG_WARN_UNREACHABLE_CODE = YES;
				CLANG_WARN__DUPLICATE_METHOD_MATCH = YES;
				CODE_SIGN_IDENTITY = "-";
				COPY_PHASE_STRIP = NO;
				DEBUG_INFORMATION_FORMAT = dwarf;
				ENABLE_STRICT_OBJC_MSGSEND = YES;
				ENABLE_TESTABILITY = YES;
				GCC_C_LANGUAGE_STANDARD = gnu11;
				GCC_DYNAMIC_NO_PIC = NO;
				GCC_NO_COMMON_BLOCKS = YES;
				GCC_OPTIMIZATION_LEVEL = 0;
				GCC_PREPROCESSOR_DEFINITIONS = (
					"DEBUG=1",
					"$(inherited)",
				);
				GCC_WARN_64_TO_32_BIT_CONVERSION = YES;
				GCC_WARN_ABOUT_RETURN_TYPE = YES_ERROR;
				GCC_WARN_UNDECLARED_SELECTOR = YES;
				GCC_WARN_UNINITIALIZED_AUTOS = YES_AGGRESSIVE;
				GCC_WARN_UNUSED_FUNCTION = YES;
				GCC_WARN_UNUSED_VARIABLE = YES;
				MACOSX_DEPLOYMENT_TARGET = 10.14;
				MTL_ENABLE_DEBUG_INFO = INCLUDE_SOURCE;
				MTL_FAST_MATH = YES;
				ONLY_ACTIVE_ARCH = YES;
				SDKROOT = macosx;
			};
			name = Debug;
		};
		C7426C1422F56D1900EC1061 /* Release */ = {
			isa = XCBuildConfiguration;
			buildSettings = {
				ALWAYS_SEARCH_USER_PATHS = NO;
				CLANG_ANALYZER_NONNULL = YES;
				CLANG_ANALYZER_NUMBER_OBJECT_CONVERSION = YES_AGGRESSIVE;
				CLANG_CXX_LANGUAGE_STANDARD = "gnu++14";
				CLANG_CXX_LIBRARY = "libc++";
				CLANG_ENABLE_MODULES = YES;
				CLANG_ENABLE_OBJC_ARC = YES;
				CLANG_ENABLE_OBJC_WEAK = YES;
				CLANG_WARN_BLOCK_CAPTURE_AUTORELEASING = YES;
				CLANG_WARN_BOOL_CONVERSION = YES;
				CLANG_WARN_COMMA = YES;
				CLANG_WARN_CONSTANT_CONVERSION = YES;
				CLANG_WARN_DEPRECATED_OBJC_IMPLEMENTATIONS = YES;
				CLANG_WARN_DIRECT_OBJC_ISA_USAGE = YES_ERROR;
				CLANG_WARN_DOCUMENTATION_COMMENTS = YES;
				CLANG_WARN_EMPTY_BODY = YES;
				CLANG_WARN_ENUM_CONVERSION = YES;
				CLANG_WARN_INFINITE_RECURSION = YES;
				CLANG_WARN_INT_CONVERSION = YES;
				CLANG_WARN_NON_LITERAL_NULL_CONVERSION = YES;
				CLANG_WARN_OBJC_IMPLICIT_RETAIN_SELF = YES;
				CLANG_WARN_OBJC_LITERAL_CONVERSION = YES;
				CLANG_WARN_OBJC_ROOT_CLASS = YES_ERROR;
				CLANG_WARN_RANGE_LOOP_ANALYSIS = YES;
				CLANG_WARN_STRICT_PROTOTYPES = YES;
				CLANG_WARN_SUSPICIOUS_MOVE = YES;
				CLANG_WARN_UNGUARDED_AVAILABILITY = YES_AGGRESSIVE;
				CLANG_WARN_UNREACHABLE_CODE = YES;
				CLANG_WARN__DUPLICATE_METHOD_MATCH = YES;
				CODE_SIGN_IDENTITY = "-";
				COPY_PHASE_STRIP = NO;
				DEBUG_INFORMATION_FORMAT = "dwarf-with-dsym";
				ENABLE_NS_ASSERTIONS = NO;
				ENABLE_STRICT_OBJC_MSGSEND = YES;
				GCC_C_LANGUAGE_STANDARD = gnu11;
				GCC_NO_COMMON_BLOCKS = YES;
				GCC_WARN_64_TO_32_BIT_CONVERSION = YES;
				GCC_WARN_ABOUT_RETURN_TYPE = YES_ERROR;
				GCC_WARN_UNDECLARED_SELECTOR = YES;
				GCC_WARN_UNINITIALIZED_AUTOS = YES_AGGRESSIVE;
				GCC_WARN_UNUSED_FUNCTION = YES;
				GCC_WARN_UNUSED_VARIABLE = YES;
				MACOSX_DEPLOYMENT_TARGET = 10.14;
				MTL_ENABLE_DEBUG_INFO = NO;
				MTL_FAST_MATH = YES;
				SDKROOT = macosx;
			};
			name = Release;
		};
		C7426C1622F56D1900EC1061 /* Debug */ = {
			isa = XCBuildConfiguration;
			buildSettings = {
				ALWAYS_SEARCH_USER_PATHS = YES;
				CODE_SIGN_STYLE = Automatic;
				FRAMEWORK_SEARCH_PATHS = /usr/local/include;
				"FRAMEWORK_SEARCH_PATHS[arch=*]" = /usr/local/include;
				HEADER_SEARCH_PATHS = "-I/usr/local/include";
				"HEADER_SEARCH_PATHS[arch=*]" = "-I/usr/local/include";
				LIBRARY_SEARCH_PATHS = /usr/local/lib;
				"LIBRARY_SEARCH_PATHS[arch=*]" = /usr/local/lib;
				OTHER_LDFLAGS = (
					"-L/usr/local/lib",
					"-lfltk_images",
					"-lfltk_jpeg",
					"-lfltk_png",
					"-lz",
					"-lfltk",
					"-lpthread",
					"-framework",
					Cocoa,
				);
				"OTHER_LDFLAGS[arch=*]" = (
					"-L/usr/local/lib",
					"-lfltk_images",
					"-lfltk_jpeg",
					"-lfltk_png",
					"-lz",
					"-lfltk",
					"-lpthread",
					"-framework",
					Cocoa,
				);
				PRODUCT_NAME = "$(TARGET_NAME)";
				USER_HEADER_SEARCH_PATHS = /usr/local/include;
				"USER_HEADER_SEARCH_PATHS[arch=*]" = /usr/local/include;
			};
			name = Debug;
		};
		C7426C1722F56D1900EC1061 /* Release */ = {
			isa = XCBuildConfiguration;
			buildSettings = {
				ALWAYS_SEARCH_USER_PATHS = YES;
				CODE_SIGN_STYLE = Automatic;
				FRAMEWORK_SEARCH_PATHS = /usr/local/include;
				"FRAMEWORK_SEARCH_PATHS[arch=*]" = /usr/local/include;
				HEADER_SEARCH_PATHS = "-I/usr/local/include";
				"HEADER_SEARCH_PATHS[arch=*]" = "-I/usr/local/include";
				LIBRARY_SEARCH_PATHS = /usr/local/lib;
				"LIBRARY_SEARCH_PATHS[arch=*]" = /usr/local/lib;
				OTHER_LDFLAGS = (
					"-L/usr/local/lib",
					"-lfltk_images",
					"-lfltk_jpeg",
					"-lfltk_png",
					"-lz",
					"-lfltk",
					"-lpthread",
					"-framework",
					Cocoa,
				);
				"OTHER_LDFLAGS[arch=*]" = (
					"-L/usr/local/lib",
					"-lfltk_images",
					"-lfltk_jpeg",
					"-lfltk_png",
					"-lz",
					"-lfltk",
					"-lpthread",
					"-framework",
					Cocoa,
				);
				PRODUCT_NAME = "$(TARGET_NAME)";
				USER_HEADER_SEARCH_PATHS = /usr/local/include;
				"USER_HEADER_SEARCH_PATHS[arch=*]" = /usr/local/include;
			};
			name = Release;
		};
/* End XCBuildConfiguration section */

/* Begin XCConfigurationList section */
		C7426C0922F56D1900EC1061 /* Build configuration list for PBXProject "Ch15TheDrill" */ = {
			isa = XCConfigurationList;
			buildConfigurations = (
				C7426C1322F56D1900EC1061 /* Debug */,
				C7426C1422F56D1900EC1061 /* Release */,
			);
			defaultConfigurationIsVisible = 0;
			defaultConfigurationName = Release;
		};
		C7426C1522F56D1900EC1061 /* Build configuration list for PBXNativeTarget "Ch15TheDrill" */ = {
			isa = XCConfigurationList;
			buildConfigurations = (
				C7426C1622F56D1900EC1061 /* Debug */,
				C7426C1722F56D1900EC1061 /* Release */,
			);
			defaultConfigurationIsVisible = 0;
			defaultConfigurationName = Release;
		};
/* End XCConfigurationList section */
	};
	rootObject = C7426C0622F56D1900EC1061 /* Project object */;
}
